
Microsoft Visual Studio Solution File, Format Version 12.00
# Visual Studio 2012
Project("{FAE04EC0-301F-11D3-BF4B-00C04F79EFBC}") = "CatalogApp.Droid", "Droid\CatalogApp.Droid.csproj", "{835417F6-0DC6-456F-B105-AB50840D2237}"
EndProject
Project("{FAE04EC0-301F-11D3-BF4B-00C04F79EFBC}") = "CatalogApp.iOS", "iOS\CatalogApp.iOS.csproj", "{7DCE0732-050A-49F6-A643-A582BF1273E1}"
EndProject
Project("{FAE04EC0-301F-11D3-BF4B-00C04F79EFBC}") = "CatalogApp", "CatalogApp\CatalogApp.csproj", "{9EBE98F9-3627-4352-8F2D-68E860335968}"
EndProject
Global
	GlobalSection(SolutionConfigurationPlatforms) = preSolution
		Debug|Any CPU = Debug|Any CPU
		Release|Any CPU = Release|Any CPU
		Debug|iPhoneSimulator = Debug|iPhoneSimulator
		Release|iPhone = Release|iPhone
		Release|iPhoneSimulator = Release|iPhoneSimulator
		Debug|iPhone = Debug|iPhone
	EndGlobalSection
	GlobalSection(ProjectConfigurationPlatforms) = postSolution
		{835417F6-0DC6-456F-B105-AB50840D2237}.Debug|Any CPU.ActiveCfg = Debug|Any CPU
		{835417F6-0DC6-456F-B105-AB50840D2237}.Debug|Any CPU.Build.0 = Debug|Any CPU
		{835417F6-0DC6-456F-B105-AB50840D2237}.Release|Any CPU.ActiveCfg = Release|Any CPU
		{835417F6-0DC6-456F-B105-AB50840D2237}.Release|Any CPU.Build.0 = Release|Any CPU
		{835417F6-0DC6-456F-B105-AB50840D2237}.Debug|iPhoneSimulator.ActiveCfg = Debug|Any CPU
		{835417F6-0DC6-456F-B105-AB50840D2237}.Debug|iPhoneSimulator.Build.0 = Debug|Any CPU
		{835417F6-0DC6-456F-B105-AB50840D2237}.Release|iPhone.ActiveCfg = Release|Any CPU
		{835417F6-0DC6-456F-B105-AB50840D2237}.Release|iPhone.Build.0 = Release|Any CPU
		{835417F6-0DC6-456F-B105-AB50840D2237}.Release|iPhoneSimulator.ActiveCfg = Release|Any CPU
		{835417F6-0DC6-456F-B105-AB50840D2237}.Release|iPhoneSimulator.Build.0 = Release|Any CPU
		{835417F6-0DC6-456F-B105-AB50840D2237}.Debug|iPhone.ActiveCfg = Debug|Any CPU
		{835417F6-0DC6-456F-B105-AB50840D2237}.Debug|iPhone.Build.0 = Debug|Any CPU
		{7DCE0732-050A-49F6-A643-A582BF1273E1}.Debug|Any CPU.ActiveCfg = Debug|iPhoneSimulator
		{7DCE0732-050A-49F6-A643-A582BF1273E1}.Debug|Any CPU.Build.0 = Debug|iPhoneSimulator
		{7DCE0732-050A-49F6-A643-A582BF1273E1}.Release|Any CPU.ActiveCfg = Release|iPhone
		{7DCE0732-050A-49F6-A643-A582BF1273E1}.Release|Any CPU.Build.0 = Release|iPhone
		{7DCE0732-050A-49F6-A643-A582BF1273E1}.Debug|iPhoneSimulator.ActiveCfg = Debug|iPhoneSimulator
		{7DCE0732-050A-49F6-A643-A582BF1273E1}.Debug|iPhoneSimulator.Build.0 = Debug|iPhoneSimulator
		{7DCE0732-050A-49F6-A643-A582BF1273E1}.Release|iPhone.ActiveCfg = Release|iPhone
		{7DCE0732-050A-49F6-A643-A582BF1273E1}.Release|iPhone.Build.0 = Release|iPhone
		{7DCE0732-050A-49F6-A643-A582BF1273E1}.Release|iPhoneSimulator.ActiveCfg = Release|iPhoneSimulator
		{7DCE0732-050A-49F6-A643-A582BF1273E1}.Release|iPhoneSimulator.Build.0 = Release|iPhoneSimulator
		{7DCE0732-050A-49F6-A643-A582BF1273E1}.Debug|iPhone.ActiveCfg = Debug|iPhone
		{7DCE0732-050A-49F6-A643-A582BF1273E1}.Debug|iPhone.Build.0 = Debug|iPhone
		{9EBE98F9-3627-4352-8F2D-68E860335968}.Debug|Any CPU.ActiveCfg = Debug|Any CPU
		{9EBE98F9-3627-4352-8F2D-68E860335968}.Debug|Any CPU.Build.0 = Debug|Any CPU
		{9EBE98F9-3627-4352-8F2D-68E860335968}.Release|Any CPU.ActiveCfg = Release|Any CPU
		{9EBE98F9-3627-4352-8F2D-68E860335968}.Release|Any CPU.Build.0 = Release|Any CPU
		{9EBE98F9-3627-4352-8F2D-68E860335968}.Debug|iPhoneSimulator.ActiveCfg = Debug|Any CPU
		{9EBE98F9-3627-4352-8F2D-68E860335968}.Debug|iPhoneSimulator.Build.0 = Debug|Any CPU
		{9EBE98F9-3627-4352-8F2D-68E860335968}.Release|iPhone.ActiveCfg = Release|Any CPU
		{9EBE98F9-3627-4352-8F2D-68E860335968}.Release|iPhone.Build.0 = Release|Any CPU
		{9EBE98F9-3627-4352-8F2D-68E860335968}.Release|iPhoneSimulator.ActiveCfg = Release|Any CPU
		{9EBE98F9-3627-4352-8F2D-68E860335968}.Release|iPhoneSimulator.Build.0 = Release|Any CPU
		{9EBE98F9-3627-4352-8F2D-68E860335968}.Debug|iPhone.ActiveCfg = Debug|Any CPU
		{9EBE98F9-3627-4352-8F2D-68E860335968}.Debug|iPhone.Build.0 = Debug|Any CPU
	EndGlobalSection
EndGlobal
